
Microsoft Visual Studio Solution File, Format Version 12.00
# Visual Studio Version 16
VisualStudioVersion = 16.0.28803.202
MinimumVisualStudioVersion = 10.0.40219.1
Project("{FAE04EC0-301F-11D3-BF4B-00C04F79EFBC}") = "Interventionsv2Web", "Interventionsv2Web\Interventionsv2Web.csproj", "{DB260D86-BE2E-4FC6-B61D-70BB054CF4E3}"
EndProject
Global
	GlobalSection(SolutionConfigurationPlatforms) = preSolution
		Debug|Any CPU = Debug|Any CPU
		Release|Any CPU = Release|Any CPU
	EndGlobalSection
	GlobalSection(ProjectConfigurationPlatforms) = postSolution
		{DB260D86-BE2E-4FC6-B61D-70BB054CF4E3}.Debug|Any CPU.ActiveCfg = Debug|Any CPU
		{DB260D86-BE2E-4FC6-B61D-70BB054CF4E3}.Debug|Any CPU.Build.0 = Debug|Any CPU
		{DB260D86-BE2E-4FC6-B61D-70BB054CF4E3}.Release|Any CPU.ActiveCfg = Release|Any CPU
		{DB260D86-BE2E-4FC6-B61D-70BB054CF4E3}.Release|Any CPU.Build.0 = Release|Any CPU
	EndGlobalSection
	GlobalSection(SolutionProperties) = preSolution
		HideSolutionNode = FALSE
	EndGlobalSection
	GlobalSection(ExtensibilityGlobals) = postSolution
		SolutionGuid = {7C425F85-F682-4F04-A5E7-FBEA1A8AB70D}
	EndGlobalSection
EndGlobal
